
Microsoft Visual Studio Solution File, Format Version 12.00
# Visual Studio 15
VisualStudioVersion = 15.0.27703.2035
MinimumVisualStudioVersion = 10.0.40219.1
Project("{FAE04EC0-301F-11D3-BF4B-00C04F79EFBC}") = "XamForms.Controls.Calendar.Droid", "XamForms.Controls.Calendar.Droid\XamForms.Controls.Calendar.Droid.csproj", "{4F9925E4-91B2-4017-A750-38726100BD44}"
EndProject
Project("{FAE04EC0-301F-11D3-BF4B-00C04F79EFBC}") = "XamForms.Controls.Calendar.iOS", "XamForms.Controls.Calendar.iOS\XamForms.Controls.Calendar.iOS.csproj", "{3AFDA59E-C3AF-4848-8C1F-674932E118FF}"
EndProject
Project("{FAE04EC0-301F-11D3-BF4B-00C04F79EFBC}") = "XamForms.Controls.Calendar.UWP", "XamForms.Controls.Calendar.UWP\XamForms.Controls.Calendar.UWP.csproj", "{AC53D10D-AE04-42FC-A2EE-2DA6894D9272}"
EndProject
Project("{9A19103F-16F7-4668-BE54-9A1E7A4F7556}") = "XamForms.Controls.Calendar", "XamForms.Controls.Calendar\XamForms.Controls.Calendar.csproj", "{DA721ED1-72ED-43EF-B909-FF4F037D6549}"
EndProject
Project("{2150E333-8FDC-42A3-9474-1A3956D46DE8}") = "Examples", "Examples", "{7D9236BA-96AB-491B-9234-42757EA56EBE}"
EndProject
Project("{FAE04EC0-301F-11D3-BF4B-00C04F79EFBC}") = "CalendarDemo.Droid", "Example\CalendarDemo\CalendarDemo.Droid\CalendarDemo.Droid.csproj", "{D570542F-CCD7-40FB-B54B-6C1C188DF0D6}"
EndProject
Project("{FAE04EC0-301F-11D3-BF4B-00C04F79EFBC}") = "CalendarDemo.iOS", "Example\CalendarDemo\CalendarDemo.iOS\CalendarDemo.iOS.csproj", "{539D8A87-93DC-4B32-902E-D49271589A30}"
EndProject
Project("{FAE04EC0-301F-11D3-BF4B-00C04F79EFBC}") = "CalendarDemo.UWP", "Example\CalendarDemo\CalendarDemo.UWP\CalendarDemo.UWP.csproj", "{94B61BCF-C3AA-4040-976B-A4139D7B63ED}"
EndProject
Project("{9A19103F-16F7-4668-BE54-9A1E7A4F7556}") = "CalendarDemo", "Example\CalendarDemo\CalendarDemo\CalendarDemo.csproj", "{E20B9FA0-D846-47A9-9ECE-FF6D426104BF}"
EndProject
Global
	GlobalSection(SolutionConfigurationPlatforms) = preSolution
		Ad-Hoc|Any CPU = Ad-Hoc|Any CPU
		Ad-Hoc|ARM = Ad-Hoc|ARM
		Ad-Hoc|iPhone = Ad-Hoc|iPhone
		Ad-Hoc|iPhoneSimulator = Ad-Hoc|iPhoneSimulator
		Ad-Hoc|x64 = Ad-Hoc|x64
		Ad-Hoc|x86 = Ad-Hoc|x86
		AppStore|Any CPU = AppStore|Any CPU
		AppStore|ARM = AppStore|ARM
		AppStore|iPhone = AppStore|iPhone
		AppStore|iPhoneSimulator = AppStore|iPhoneSimulator
		AppStore|x64 = AppStore|x64
		AppStore|x86 = AppStore|x86
		Debug|Any CPU = Debug|Any CPU
		Debug|ARM = Debug|ARM
		Debug|iPhone = Debug|iPhone
		Debug|iPhoneSimulator = Debug|iPhoneSimulator
		Debug|x64 = Debug|x64
		Debug|x86 = Debug|x86
		Release|Any CPU = Release|Any CPU
		Release|ARM = Release|ARM
		Release|iPhone = Release|iPhone
		Release|iPhoneSimulator = Release|iPhoneSimulator
		Release|x64 = Release|x64
		Release|x86 = Release|x86
	EndGlobalSection
	GlobalSection(ProjectConfigurationPlatforms) = postSolution
		{4F9925E4-91B2-4017-A750-38726100BD44}.Ad-Hoc|Any CPU.ActiveCfg = Release|Any CPU
		{4F9925E4-91B2-4017-A750-38726100BD44}.Ad-Hoc|Any CPU.Build.0 = Release|Any CPU
		{4F9925E4-91B2-4017-A750-38726100BD44}.Ad-Hoc|ARM.ActiveCfg = Release|Any CPU
		{4F9925E4-91B2-4017-A750-38726100BD44}.Ad-Hoc|ARM.Build.0 = Release|Any CPU
		{4F9925E4-91B2-4017-A750-38726100BD44}.Ad-Hoc|iPhone.ActiveCfg = Release|Any CPU
		{4F9925E4-91B2-4017-A750-38726100BD44}.Ad-Hoc|iPhone.Build.0 = Release|Any CPU
		{4F9925E4-91B2-4017-A750-38726100BD44}.Ad-Hoc|iPhoneSimulator.ActiveCfg = Release|Any CPU
		{4F9925E4-91B2-4017-A750-38726100BD44}.Ad-Hoc|iPhoneSimulator.Build.0 = Release|Any CPU
		{4F9925E4-91B2-4017-A750-38726100BD44}.Ad-Hoc|x64.ActiveCfg = Release|Any CPU
		{4F9925E4-91B2-4017-A750-38726100BD44}.Ad-Hoc|x64.Build.0 = Release|Any CPU
		{4F9925E4-91B2-4017-A750-38726100BD44}.Ad-Hoc|x86.ActiveCfg = Release|Any CPU
		{4F9925E4-91B2-4017-A750-38726100BD44}.Ad-Hoc|x86.Build.0 = Release|Any CPU
		{4F9925E4-91B2-4017-A750-38726100BD44}.AppStore|Any CPU.ActiveCfg = Release|Any CPU
		{4F9925E4-91B2-4017-A750-38726100BD44}.AppStore|Any CPU.Build.0 = Release|Any CPU
		{4F9925E4-91B2-4017-A750-38726100BD44}.AppStore|ARM.ActiveCfg = Release|Any CPU
		{4F9925E4-91B2-4017-A750-38726100BD44}.AppStore|ARM.Build.0 = Release|Any CPU
		{4F9925E4-91B2-4017-A750-38726100BD44}.AppStore|iPhone.ActiveCfg = Release|Any CPU
		{4F9925E4-91B2-4017-A750-38726100BD44}.AppStore|iPhone.Build.0 = Release|Any CPU
		{4F9925E4-91B2-4017-A750-38726100BD44}.AppStore|iPhoneSimulator.ActiveCfg = Release|Any CPU
		{4F9925E4-91B2-4017-A750-38726100BD44}.AppStore|iPhoneSimulator.Build.0 = Release|Any CPU
		{4F9925E4-91B2-4017-A750-38726100BD44}.AppStore|x64.ActiveCfg = Release|Any CPU
		{4F9925E4-91B2-4017-A750-38726100BD44}.AppStore|x64.Build.0 = Release|Any CPU
		{4F9925E4-91B2-4017-A750-38726100BD44}.AppStore|x86.ActiveCfg = Release|Any CPU
		{4F9925E4-91B2-4017-A750-38726100BD44}.AppStore|x86.Build.0 = Release|Any CPU
		{4F9925E4-91B2-4017-A750-38726100BD44}.Debug|Any CPU.ActiveCfg = Debug|Any CPU
		{4F9925E4-91B2-4017-A750-38726100BD44}.Debug|Any CPU.Build.0 = Debug|Any CPU
		{4F9925E4-91B2-4017-A750-38726100BD44}.Debug|ARM.ActiveCfg = Debug|Any CPU
		{4F9925E4-91B2-4017-A750-38726100BD44}.Debug|ARM.Build.0 = Debug|Any CPU
		{4F9925E4-91B2-4017-A750-38726100BD44}.Debug|iPhone.ActiveCfg = Debug|Any CPU
		{4F9925E4-91B2-4017-A750-38726100BD44}.Debug|iPhone.Build.0 = Debug|Any CPU
		{4F9925E4-91B2-4017-A750-38726100BD44}.Debug|iPhoneSimulator.ActiveCfg = Debug|Any CPU
		{4F9925E4-91B2-4017-A750-38726100BD44}.Debug|iPhoneSimulator.Build.0 = Debug|Any CPU
		{4F9925E4-91B2-4017-A750-38726100BD44}.Debug|x64.ActiveCfg = Debug|Any CPU
		{4F9925E4-91B2-4017-A750-38726100BD44}.Debug|x64.Build.0 = Debug|Any CPU
		{4F9925E4-91B2-4017-A750-38726100BD44}.Debug|x86.ActiveCfg = Debug|Any CPU
		{4F9925E4-91B2-4017-A750-38726100BD44}.Debug|x86.Build.0 = Debug|Any CPU
		{4F9925E4-91B2-4017-A750-38726100BD44}.Release|Any CPU.ActiveCfg = Release|Any CPU
		{4F9925E4-91B2-4017-A750-38726100BD44}.Release|Any CPU.Build.0 = Release|Any CPU
		{4F9925E4-91B2-4017-A750-38726100BD44}.Release|ARM.ActiveCfg = Release|Any CPU
		{4F9925E4-91B2-4017-A750-38726100BD44}.Release|ARM.Build.0 = Release|Any CPU
		{4F9925E4-91B2-4017-A750-38726100BD44}.Release|iPhone.ActiveCfg = Release|Any CPU
		{4F9925E4-91B2-4017-A750-38726100BD44}.Release|iPhone.Build.0 = Release|Any CPU
		{4F9925E4-91B2-4017-A750-38726100BD44}.Release|iPhoneSimulator.ActiveCfg = Release|Any CPU
		{4F9925E4-91B2-4017-A750-38726100BD44}.Release|iPhoneSimulator.Build.0 = Release|Any CPU
		{4F9925E4-91B2-4017-A750-38726100BD44}.Release|x64.ActiveCfg = Release|Any CPU
		{4F9925E4-91B2-4017-A750-38726100BD44}.Release|x64.Build.0 = Release|Any CPU
		{4F9925E4-91B2-4017-A750-38726100BD44}.Release|x86.ActiveCfg = Release|Any CPU
		{4F9925E4-91B2-4017-A750-38726100BD44}.Release|x86.Build.0 = Release|Any CPU
		{3AFDA59E-C3AF-4848-8C1F-674932E118FF}.Ad-Hoc|Any CPU.ActiveCfg = Release|Any CPU
		{3AFDA59E-C3AF-4848-8C1F-674932E118FF}.Ad-Hoc|Any CPU.Build.0 = Release|Any CPU
		{3AFDA59E-C3AF-4848-8C1F-674932E118FF}.Ad-Hoc|ARM.ActiveCfg = Release|Any CPU
		{3AFDA59E-C3AF-4848-8C1F-674932E118FF}.Ad-Hoc|ARM.Build.0 = Release|Any CPU
		{3AFDA59E-C3AF-4848-8C1F-674932E118FF}.Ad-Hoc|iPhone.ActiveCfg = Release|Any CPU
		{3AFDA59E-C3AF-4848-8C1F-674932E118FF}.Ad-Hoc|iPhone.Build.0 = Release|Any CPU
		{3AFDA59E-C3AF-4848-8C1F-674932E118FF}.Ad-Hoc|iPhoneSimulator.ActiveCfg = Release|Any CPU
		{3AFDA59E-C3AF-4848-8C1F-674932E118FF}.Ad-Hoc|iPhoneSimulator.Build.0 = Release|Any CPU
		{3AFDA59E-C3AF-4848-8C1F-674932E118FF}.Ad-Hoc|x64.ActiveCfg = Release|Any CPU
		{3AFDA59E-C3AF-4848-8C1F-674932E118FF}.Ad-Hoc|x64.Build.0 = Release|Any CPU
		{3AFDA59E-C3AF-4848-8C1F-674932E118FF}.Ad-Hoc|x86.ActiveCfg = Release|Any CPU
		{3AFDA59E-C3AF-4848-8C1F-674932E118FF}.Ad-Hoc|x86.Build.0 = Release|Any CPU
		{3AFDA59E-C3AF-4848-8C1F-674932E118FF}.AppStore|Any CPU.ActiveCfg = Release|Any CPU
		{3AFDA59E-C3AF-4848-8C1F-674932E118FF}.AppStore|Any CPU.Build.0 = Release|Any CPU
		{3AFDA59E-C3AF-4848-8C1F-674932E118FF}.AppStore|ARM.ActiveCfg = Release|Any CPU
		{3AFDA59E-C3AF-4848-8C1F-674932E118FF}.AppStore|ARM.Build.0 = Release|Any CPU
		{3AFDA59E-C3AF-4848-8C1F-674932E118FF}.AppStore|iPhone.ActiveCfg = Release|Any CPU
		{3AFDA59E-C3AF-4848-8C1F-674932E118FF}.AppStore|iPhone.Build.0 = Release|Any CPU
		{3AFDA59E-C3AF-4848-8C1F-674932E118FF}.AppStore|iPhoneSimulator.ActiveCfg = Release|Any CPU
		{3AFDA59E-C3AF-4848-8C1F-674932E118FF}.AppStore|iPhoneSimulator.Build.0 = Release|Any CPU
		{3AFDA59E-C3AF-4848-8C1F-674932E118FF}.AppStore|x64.ActiveCfg = Release|Any CPU
		{3AFDA59E-C3AF-4848-8C1F-674932E118FF}.AppStore|x64.Build.0 = Release|Any CPU
		{3AFDA59E-C3AF-4848-8C1F-674932E118FF}.AppStore|x86.ActiveCfg = Release|Any CPU
		{3AFDA59E-C3AF-4848-8C1F-674932E118FF}.AppStore|x86.Build.0 = Release|Any CPU
		{3AFDA59E-C3AF-4848-8C1F-674932E118FF}.Debug|Any CPU.ActiveCfg = Debug|Any CPU
		{3AFDA59E-C3AF-4848-8C1F-674932E118FF}.Debug|Any CPU.Build.0 = Debug|Any CPU
		{3AFDA59E-C3AF-4848-8C1F-674932E118FF}.Debug|ARM.ActiveCfg = Debug|Any CPU
		{3AFDA59E-C3AF-4848-8C1F-674932E118FF}.Debug|ARM.Build.0 = Debug|Any CPU
		{3AFDA59E-C3AF-4848-8C1F-674932E118FF}.Debug|iPhone.ActiveCfg = Debug|Any CPU
		{3AFDA59E-C3AF-4848-8C1F-674932E118FF}.Debug|iPhone.Build.0 = Debug|Any CPU
		{3AFDA59E-C3AF-4848-8C1F-674932E118FF}.Debug|iPhoneSimulator.ActiveCfg = Debug|Any CPU
		{3AFDA59E-C3AF-4848-8C1F-674932E118FF}.Debug|iPhoneSimulator.Build.0 = Debug|Any CPU
		{3AFDA59E-C3AF-4848-8C1F-674932E118FF}.Debug|x64.ActiveCfg = Debug|Any CPU
		{3AFDA59E-C3AF-4848-8C1F-674932E118FF}.Debug|x64.Build.0 = Debug|Any CPU
		{3AFDA59E-C3AF-4848-8C1F-674932E118FF}.Debug|x86.ActiveCfg = Debug|Any CPU
		{3AFDA59E-C3AF-4848-8C1F-674932E118FF}.Debug|x86.Build.0 = Debug|Any CPU
		{3AFDA59E-C3AF-4848-8C1F-674932E118FF}.Release|Any CPU.ActiveCfg = Release|Any CPU
		{3AFDA59E-C3AF-4848-8C1F-674932E118FF}.Release|Any CPU.Build.0 = Release|Any CPU
		{3AFDA59E-C3AF-4848-8C1F-674932E118FF}.Release|ARM.ActiveCfg = Release|Any CPU
		{3AFDA59E-C3AF-4848-8C1F-674932E118FF}.Release|ARM.Build.0 = Release|Any CPU
		{3AFDA59E-C3AF-4848-8C1F-674932E118FF}.Release|iPhone.ActiveCfg = Release|Any CPU
		{3AFDA59E-C3AF-4848-8C1F-674932E118FF}.Release|iPhone.Build.0 = Release|Any CPU
		{3AFDA59E-C3AF-4848-8C1F-674932E118FF}.Release|iPhoneSimulator.ActiveCfg = Release|Any CPU
		{3AFDA59E-C3AF-4848-8C1F-674932E118FF}.Release|iPhoneSimulator.Build.0 = Release|Any CPU
		{3AFDA59E-C3AF-4848-8C1F-674932E118FF}.Release|x64.ActiveCfg = Release|Any CPU
		{3AFDA59E-C3AF-4848-8C1F-674932E118FF}.Release|x64.Build.0 = Release|Any CPU
		{3AFDA59E-C3AF-4848-8C1F-674932E118FF}.Release|x86.ActiveCfg = Release|Any CPU
		{3AFDA59E-C3AF-4848-8C1F-674932E118FF}.Release|x86.Build.0 = Release|Any CPU
		{AC53D10D-AE04-42FC-A2EE-2DA6894D9272}.Ad-Hoc|Any CPU.ActiveCfg = Release|Any CPU
		{AC53D10D-AE04-42FC-A2EE-2DA6894D9272}.Ad-Hoc|Any CPU.Build.0 = Release|Any CPU
		{AC53D10D-AE04-42FC-A2EE-2DA6894D9272}.Ad-Hoc|ARM.ActiveCfg = Release|ARM
		{AC53D10D-AE04-42FC-A2EE-2DA6894D9272}.Ad-Hoc|ARM.Build.0 = Release|ARM
		{AC53D10D-AE04-42FC-A2EE-2DA6894D9272}.Ad-Hoc|iPhone.ActiveCfg = Release|Any CPU
		{AC53D10D-AE04-42FC-A2EE-2DA6894D9272}.Ad-Hoc|iPhone.Build.0 = Release|Any CPU
		{AC53D10D-AE04-42FC-A2EE-2DA6894D9272}.Ad-Hoc|iPhoneSimulator.ActiveCfg = Release|Any CPU
		{AC53D10D-AE04-42FC-A2EE-2DA6894D9272}.Ad-Hoc|iPhoneSimulator.Build.0 = Release|Any CPU
		{AC53D10D-AE04-42FC-A2EE-2DA6894D9272}.Ad-Hoc|x64.ActiveCfg = Release|x64
		{AC53D10D-AE04-42FC-A2EE-2DA6894D9272}.Ad-Hoc|x64.Build.0 = Release|x64
		{AC53D10D-AE04-42FC-A2EE-2DA6894D9272}.Ad-Hoc|x86.ActiveCfg = Release|x86
		{AC53D10D-AE04-42FC-A2EE-2DA6894D9272}.Ad-Hoc|x86.Build.0 = Release|x86
		{AC53D10D-AE04-42FC-A2EE-2DA6894D9272}.AppStore|Any CPU.ActiveCfg = Release|Any CPU
		{AC53D10D-AE04-42FC-A2EE-2DA6894D9272}.AppStore|Any CPU.Build.0 = Release|Any CPU
		{AC53D10D-AE04-42FC-A2EE-2DA6894D9272}.AppStore|ARM.ActiveCfg = Release|ARM
		{AC53D10D-AE04-42FC-A2EE-2DA6894D9272}.AppStore|ARM.Build.0 = Release|ARM
		{AC53D10D-AE04-42FC-A2EE-2DA6894D9272}.AppStore|iPhone.ActiveCfg = Release|Any CPU
		{AC53D10D-AE04-42FC-A2EE-2DA6894D9272}.AppStore|iPhone.Build.0 = Release|Any CPU
		{AC53D10D-AE04-42FC-A2EE-2DA6894D9272}.AppStore|iPhoneSimulator.ActiveCfg = Release|Any CPU
		{AC53D10D-AE04-42FC-A2EE-2DA6894D9272}.AppStore|iPhoneSimulator.Build.0 = Release|Any CPU
		{AC53D10D-AE04-42FC-A2EE-2DA6894D9272}.AppStore|x64.ActiveCfg = Release|x64
		{AC53D10D-AE04-42FC-A2EE-2DA6894D9272}.AppStore|x64.Build.0 = Release|x64
		{AC53D10D-AE04-42FC-A2EE-2DA6894D9272}.AppStore|x86.ActiveCfg = Release|x86
		{AC53D10D-AE04-42FC-A2EE-2DA6894D9272}.AppStore|x86.Build.0 = Release|x86
		{AC53D10D-AE04-42FC-A2EE-2DA6894D9272}.Debug|Any CPU.ActiveCfg = Debug|Any CPU
		{AC53D10D-AE04-42FC-A2EE-2DA6894D9272}.Debug|Any CPU.Build.0 = Debug|Any CPU
		{AC53D10D-AE04-42FC-A2EE-2DA6894D9272}.Debug|ARM.ActiveCfg = Debug|ARM
		{AC53D10D-AE04-42FC-A2EE-2DA6894D9272}.Debug|ARM.Build.0 = Debug|ARM
		{AC53D10D-AE04-42FC-A2EE-2DA6894D9272}.Debug|iPhone.ActiveCfg = Debug|Any CPU
		{AC53D10D-AE04-42FC-A2EE-2DA6894D9272}.Debug|iPhone.Build.0 = Debug|Any CPU
		{AC53D10D-AE04-42FC-A2EE-2DA6894D9272}.Debug|iPhoneSimulator.ActiveCfg = Debug|Any CPU
		{AC53D10D-AE04-42FC-A2EE-2DA6894D9272}.Debug|iPhoneSimulator.Build.0 = Debug|Any CPU
		{AC53D10D-AE04-42FC-A2EE-2DA6894D9272}.Debug|x64.ActiveCfg = Debug|x64
		{AC53D10D-AE04-42FC-A2EE-2DA6894D9272}.Debug|x64.Build.0 = Debug|x64
		{AC53D10D-AE04-42FC-A2EE-2DA6894D9272}.Debug|x86.ActiveCfg = Debug|x86
		{AC53D10D-AE04-42FC-A2EE-2DA6894D9272}.Debug|x86.Build.0 = Debug|x86
		{AC53D10D-AE04-42FC-A2EE-2DA6894D9272}.Release|Any CPU.ActiveCfg = Release|Any CPU
		{AC53D10D-AE04-42FC-A2EE-2DA6894D9272}.Release|Any CPU.Build.0 = Release|Any CPU
		{AC53D10D-AE04-42FC-A2EE-2DA6894D9272}.Release|ARM.ActiveCfg = Release|ARM
		{AC53D10D-AE04-42FC-A2EE-2DA6894D9272}.Release|ARM.Build.0 = Release|ARM
		{AC53D10D-AE04-42FC-A2EE-2DA6894D9272}.Release|iPhone.ActiveCfg = Release|Any CPU
		{AC53D10D-AE04-42FC-A2EE-2DA6894D9272}.Release|iPhone.Build.0 = Release|Any CPU
		{AC53D10D-AE04-42FC-A2EE-2DA6894D9272}.Release|iPhoneSimulator.ActiveCfg = Release|Any CPU
		{AC53D10D-AE04-42FC-A2EE-2DA6894D9272}.Release|iPhoneSimulator.Build.0 = Release|Any CPU
		{AC53D10D-AE04-42FC-A2EE-2DA6894D9272}.Release|x64.ActiveCfg = Release|x64
		{AC53D10D-AE04-42FC-A2EE-2DA6894D9272}.Release|x64.Build.0 = Release|x64
		{AC53D10D-AE04-42FC-A2EE-2DA6894D9272}.Release|x86.ActiveCfg = Release|x86
		{AC53D10D-AE04-42FC-A2EE-2DA6894D9272}.Release|x86.Build.0 = Release|x86
		{DA721ED1-72ED-43EF-B909-FF4F037D6549}.Ad-Hoc|Any CPU.ActiveCfg = Release|Any CPU
		{DA721ED1-72ED-43EF-B909-FF4F037D6549}.Ad-Hoc|Any CPU.Build.0 = Release|Any CPU
		{DA721ED1-72ED-43EF-B909-FF4F037D6549}.Ad-Hoc|ARM.ActiveCfg = Release|Any CPU
		{DA721ED1-72ED-43EF-B909-FF4F037D6549}.Ad-Hoc|ARM.Build.0 = Release|Any CPU
		{DA721ED1-72ED-43EF-B909-FF4F037D6549}.Ad-Hoc|iPhone.ActiveCfg = Release|Any CPU
		{DA721ED1-72ED-43EF-B909-FF4F037D6549}.Ad-Hoc|iPhone.Build.0 = Release|Any CPU
		{DA721ED1-72ED-43EF-B909-FF4F037D6549}.Ad-Hoc|iPhoneSimulator.ActiveCfg = Release|Any CPU
		{DA721ED1-72ED-43EF-B909-FF4F037D6549}.Ad-Hoc|iPhoneSimulator.Build.0 = Release|Any CPU
		{DA721ED1-72ED-43EF-B909-FF4F037D6549}.Ad-Hoc|x64.ActiveCfg = Release|Any CPU
		{DA721ED1-72ED-43EF-B909-FF4F037D6549}.Ad-Hoc|x64.Build.0 = Release|Any CPU
		{DA721ED1-72ED-43EF-B909-FF4F037D6549}.Ad-Hoc|x86.ActiveCfg = Release|Any CPU
		{DA721ED1-72ED-43EF-B909-FF4F037D6549}.Ad-Hoc|x86.Build.0 = Release|Any CPU
		{DA721ED1-72ED-43EF-B909-FF4F037D6549}.AppStore|Any CPU.ActiveCfg = Release|Any CPU
		{DA721ED1-72ED-43EF-B909-FF4F037D6549}.AppStore|Any CPU.Build.0 = Release|Any CPU
		{DA721ED1-72ED-43EF-B909-FF4F037D6549}.AppStore|ARM.ActiveCfg = Release|Any CPU
		{DA721ED1-72ED-43EF-B909-FF4F037D6549}.AppStore|ARM.Build.0 = Release|Any CPU
		{DA721ED1-72ED-43EF-B909-FF4F037D6549}.AppStore|iPhone.ActiveCfg = Release|Any CPU
		{DA721ED1-72ED-43EF-B909-FF4F037D6549}.AppStore|iPhone.Build.0 = Release|Any CPU
		{DA721ED1-72ED-43EF-B909-FF4F037D6549}.AppStore|iPhoneSimulator.ActiveCfg = Release|Any CPU
		{DA721ED1-72ED-43EF-B909-FF4F037D6549}.AppStore|iPhoneSimulator.Build.0 = Release|Any CPU
		{DA721ED1-72ED-43EF-B909-FF4F037D6549}.AppStore|x64.ActiveCfg = Release|Any CPU
		{DA721ED1-72ED-43EF-B909-FF4F037D6549}.AppStore|x64.Build.0 = Release|Any CPU
		{DA721ED1-72ED-43EF-B909-FF4F037D6549}.AppStore|x86.ActiveCfg = Release|Any CPU
		{DA721ED1-72ED-43EF-B909-FF4F037D6549}.AppStore|x86.Build.0 = Release|Any CPU
		{DA721ED1-72ED-43EF-B909-FF4F037D6549}.Debug|Any CPU.ActiveCfg = Debug|Any CPU
		{DA721ED1-72ED-43EF-B909-FF4F037D6549}.Debug|Any CPU.Build.0 = Debug|Any CPU
		{DA721ED1-72ED-43EF-B909-FF4F037D6549}.Debug|ARM.ActiveCfg = Debug|Any CPU
		{DA721ED1-72ED-43EF-B909-FF4F037D6549}.Debug|ARM.Build.0 = Debug|Any CPU
		{DA721ED1-72ED-43EF-B909-FF4F037D6549}.Debug|iPhone.ActiveCfg = Debug|Any CPU
		{DA721ED1-72ED-43EF-B909-FF4F037D6549}.Debug|iPhone.Build.0 = Debug|Any CPU
		{DA721ED1-72ED-43EF-B909-FF4F037D6549}.Debug|iPhoneSimulator.ActiveCfg = Debug|Any CPU
		{DA721ED1-72ED-43EF-B909-FF4F037D6549}.Debug|iPhoneSimulator.Build.0 = Debug|Any CPU
		{DA721ED1-72ED-43EF-B909-FF4F037D6549}.Debug|x64.ActiveCfg = Debug|Any CPU
		{DA721ED1-72ED-43EF-B909-FF4F037D6549}.Debug|x64.Build.0 = Debug|Any CPU
		{DA721ED1-72ED-43EF-B909-FF4F037D6549}.Debug|x86.ActiveCfg = Debug|Any CPU
		{DA721ED1-72ED-43EF-B909-FF4F037D6549}.Debug|x86.Build.0 = Debug|Any CPU
		{DA721ED1-72ED-43EF-B909-FF4F037D6549}.Release|Any CPU.ActiveCfg = Release|Any CPU
		{DA721ED1-72ED-43EF-B909-FF4F037D6549}.Release|Any CPU.Build.0 = Release|Any CPU
		{DA721ED1-72ED-43EF-B909-FF4F037D6549}.Release|ARM.ActiveCfg = Release|Any CPU
		{DA721ED1-72ED-43EF-B909-FF4F037D6549}.Release|ARM.Build.0 = Release|Any CPU
		{DA721ED1-72ED-43EF-B909-FF4F037D6549}.Release|iPhone.ActiveCfg = Release|Any CPU
		{DA721ED1-72ED-43EF-B909-FF4F037D6549}.Release|iPhone.Build.0 = Release|Any CPU
		{DA721ED1-72ED-43EF-B909-FF4F037D6549}.Release|iPhoneSimulator.ActiveCfg = Release|Any CPU
		{DA721ED1-72ED-43EF-B909-FF4F037D6549}.Release|iPhoneSimulator.Build.0 = Release|Any CPU
		{DA721ED1-72ED-43EF-B909-FF4F037D6549}.Release|x64.ActiveCfg = Release|Any CPU
		{DA721ED1-72ED-43EF-B909-FF4F037D6549}.Release|x64.Build.0 = Release|Any CPU
		{DA721ED1-72ED-43EF-B909-FF4F037D6549}.Release|x86.ActiveCfg = Release|Any CPU
		{DA721ED1-72ED-43EF-B909-FF4F037D6549}.Release|x86.Build.0 = Release|Any CPU
		{D570542F-CCD7-40FB-B54B-6C1C188DF0D6}.Ad-Hoc|Any CPU.ActiveCfg = Release|Any CPU
		{D570542F-CCD7-40FB-B54B-6C1C188DF0D6}.Ad-Hoc|Any CPU.Build.0 = Release|Any CPU
		{D570542F-CCD7-40FB-B54B-6C1C188DF0D6}.Ad-Hoc|Any CPU.Deploy.0 = Release|Any CPU
		{D570542F-CCD7-40FB-B54B-6C1C188DF0D6}.Ad-Hoc|ARM.ActiveCfg = Release|Any CPU
		{D570542F-CCD7-40FB-B54B-6C1C188DF0D6}.Ad-Hoc|ARM.Build.0 = Release|Any CPU
		{D570542F-CCD7-40FB-B54B-6C1C188DF0D6}.Ad-Hoc|ARM.Deploy.0 = Release|Any CPU
		{D570542F-CCD7-40FB-B54B-6C1C188DF0D6}.Ad-Hoc|iPhone.ActiveCfg = Release|Any CPU
		{D570542F-CCD7-40FB-B54B-6C1C188DF0D6}.Ad-Hoc|iPhone.Build.0 = Release|Any CPU
		{D570542F-CCD7-40FB-B54B-6C1C188DF0D6}.Ad-Hoc|iPhone.Deploy.0 = Release|Any CPU
		{D570542F-CCD7-40FB-B54B-6C1C188DF0D6}.Ad-Hoc|iPhoneSimulator.ActiveCfg = Release|Any CPU
		{D570542F-CCD7-40FB-B54B-6C1C188DF0D6}.Ad-Hoc|iPhoneSimulator.Build.0 = Release|Any CPU
		{D570542F-CCD7-40FB-B54B-6C1C188DF0D6}.Ad-Hoc|iPhoneSimulator.Deploy.0 = Release|Any CPU
		{D570542F-CCD7-40FB-B54B-6C1C188DF0D6}.Ad-Hoc|x64.ActiveCfg = Release|Any CPU
		{D570542F-CCD7-40FB-B54B-6C1C188DF0D6}.Ad-Hoc|x64.Build.0 = Release|Any CPU
		{D570542F-CCD7-40FB-B54B-6C1C188DF0D6}.Ad-Hoc|x64.Deploy.0 = Release|Any CPU
		{D570542F-CCD7-40FB-B54B-6C1C188DF0D6}.Ad-Hoc|x86.ActiveCfg = Release|Any CPU
		{D570542F-CCD7-40FB-B54B-6C1C188DF0D6}.Ad-Hoc|x86.Build.0 = Release|Any CPU
		{D570542F-CCD7-40FB-B54B-6C1C188DF0D6}.Ad-Hoc|x86.Deploy.0 = Release|Any CPU
		{D570542F-CCD7-40FB-B54B-6C1C188DF0D6}.AppStore|Any CPU.ActiveCfg = Release|Any CPU
		{D570542F-CCD7-40FB-B54B-6C1C188DF0D6}.AppStore|Any CPU.Build.0 = Release|Any CPU
		{D570542F-CCD7-40FB-B54B-6C1C188DF0D6}.AppStore|Any CPU.Deploy.0 = Release|Any CPU
		{D570542F-CCD7-40FB-B54B-6C1C188DF0D6}.AppStore|ARM.ActiveCfg = Release|Any CPU
		{D570542F-CCD7-40FB-B54B-6C1C188DF0D6}.AppStore|ARM.Build.0 = Release|Any CPU
		{D570542F-CCD7-40FB-B54B-6C1C188DF0D6}.AppStore|ARM.Deploy.0 = Release|Any CPU
		{D570542F-CCD7-40FB-B54B-6C1C188DF0D6}.AppStore|iPhone.ActiveCfg = Release|Any CPU
		{D570542F-CCD7-40FB-B54B-6C1C188DF0D6}.AppStore|iPhone.Build.0 = Release|Any CPU
		{D570542F-CCD7-40FB-B54B-6C1C188DF0D6}.AppStore|iPhone.Deploy.0 = Release|Any CPU
		{D570542F-CCD7-40FB-B54B-6C1C188DF0D6}.AppStore|iPhoneSimulator.ActiveCfg = Release|Any CPU
		{D570542F-CCD7-40FB-B54B-6C1C188DF0D6}.AppStore|iPhoneSimulator.Build.0 = Release|Any CPU
		{D570542F-CCD7-40FB-B54B-6C1C188DF0D6}.AppStore|iPhoneSimulator.Deploy.0 = Release|Any CPU
		{D570542F-CCD7-40FB-B54B-6C1C188DF0D6}.AppStore|x64.ActiveCfg = Release|Any CPU
		{D570542F-CCD7-40FB-B54B-6C1C188DF0D6}.AppStore|x64.Build.0 = Release|Any CPU
		{D570542F-CCD7-40FB-B54B-6C1C188DF0D6}.AppStore|x64.Deploy.0 = Release|Any CPU
		{D570542F-CCD7-40FB-B54B-6C1C188DF0D6}.AppStore|x86.ActiveCfg = Release|Any CPU
		{D570542F-CCD7-40FB-B54B-6C1C188DF0D6}.AppStore|x86.Build.0 = Release|Any CPU
		{D570542F-CCD7-40FB-B54B-6C1C188DF0D6}.AppStore|x86.Deploy.0 = Release|Any CPU
		{D570542F-CCD7-40FB-B54B-6C1C188DF0D6}.Debug|Any CPU.ActiveCfg = Debug|Any CPU
		{D570542F-CCD7-40FB-B54B-6C1C188DF0D6}.Debug|Any CPU.Build.0 = Debug|Any CPU
		{D570542F-CCD7-40FB-B54B-6C1C188DF0D6}.Debug|Any CPU.Deploy.0 = Debug|Any CPU
		{D570542F-CCD7-40FB-B54B-6C1C188DF0D6}.Debug|ARM.ActiveCfg = Debug|Any CPU
		{D570542F-CCD7-40FB-B54B-6C1C188DF0D6}.Debug|ARM.Build.0 = Debug|Any CPU
		{D570542F-CCD7-40FB-B54B-6C1C188DF0D6}.Debug|ARM.Deploy.0 = Debug|Any CPU
		{D570542F-CCD7-40FB-B54B-6C1C188DF0D6}.Debug|iPhone.ActiveCfg = Debug|Any CPU
		{D570542F-CCD7-40FB-B54B-6C1C188DF0D6}.Debug|iPhone.Build.0 = Debug|Any CPU
		{D570542F-CCD7-40FB-B54B-6C1C188DF0D6}.Debug|iPhone.Deploy.0 = Debug|Any CPU
		{D570542F-CCD7-40FB-B54B-6C1C188DF0D6}.Debug|iPhoneSimulator.ActiveCfg = Debug|Any CPU
		{D570542F-CCD7-40FB-B54B-6C1C188DF0D6}.Debug|iPhoneSimulator.Build.0 = Debug|Any CPU
		{D570542F-CCD7-40FB-B54B-6C1C188DF0D6}.Debug|iPhoneSimulator.Deploy.0 = Debug|Any CPU
		{D570542F-CCD7-40FB-B54B-6C1C188DF0D6}.Debug|x64.ActiveCfg = Debug|Any CPU
		{D570542F-CCD7-40FB-B54B-6C1C188DF0D6}.Debug|x64.Build.0 = Debug|Any CPU
		{D570542F-CCD7-40FB-B54B-6C1C188DF0D6}.Debug|x64.Deploy.0 = Debug|Any CPU
		{D570542F-CCD7-40FB-B54B-6C1C188DF0D6}.Debug|x86.ActiveCfg = Debug|Any CPU
		{D570542F-CCD7-40FB-B54B-6C1C188DF0D6}.Debug|x86.Build.0 = Debug|Any CPU
		{D570542F-CCD7-40FB-B54B-6C1C188DF0D6}.Debug|x86.Deploy.0 = Debug|Any CPU
		{D570542F-CCD7-40FB-B54B-6C1C188DF0D6}.Release|Any CPU.ActiveCfg = Release|Any CPU
		{D570542F-CCD7-40FB-B54B-6C1C188DF0D6}.Release|Any CPU.Build.0 = Release|Any CPU
		{D570542F-CCD7-40FB-B54B-6C1C188DF0D6}.Release|Any CPU.Deploy.0 = Release|Any CPU
		{D570542F-CCD7-40FB-B54B-6C1C188DF0D6}.Release|ARM.ActiveCfg = Release|Any CPU
		{D570542F-CCD7-40FB-B54B-6C1C188DF0D6}.Release|ARM.Build.0 = Release|Any CPU
		{D570542F-CCD7-40FB-B54B-6C1C188DF0D6}.Release|ARM.Deploy.0 = Release|Any CPU
		{D570542F-CCD7-40FB-B54B-6C1C188DF0D6}.Release|iPhone.ActiveCfg = Release|Any CPU
		{D570542F-CCD7-40FB-B54B-6C1C188DF0D6}.Release|iPhone.Build.0 = Release|Any CPU
		{D570542F-CCD7-40FB-B54B-6C1C188DF0D6}.Release|iPhone.Deploy.0 = Release|Any CPU
		{D570542F-CCD7-40FB-B54B-6C1C188DF0D6}.Release|iPhoneSimulator.ActiveCfg = Release|Any CPU
		{D570542F-CCD7-40FB-B54B-6C1C188DF0D6}.Release|iPhoneSimulator.Build.0 = Release|Any CPU
		{D570542F-CCD7-40FB-B54B-6C1C188DF0D6}.Release|iPhoneSimulator.Deploy.0 = Release|Any CPU
		{D570542F-CCD7-40FB-B54B-6C1C188DF0D6}.Release|x64.ActiveCfg = Release|Any CPU
		{D570542F-CCD7-40FB-B54B-6C1C188DF0D6}.Release|x64.Build.0 = Release|Any CPU
		{D570542F-CCD7-40FB-B54B-6C1C188DF0D6}.Release|x64.Deploy.0 = Release|Any CPU
		{D570542F-CCD7-40FB-B54B-6C1C188DF0D6}.Release|x86.ActiveCfg = Release|Any CPU
		{D570542F-CCD7-40FB-B54B-6C1C188DF0D6}.Release|x86.Build.0 = Release|Any CPU
		{D570542F-CCD7-40FB-B54B-6C1C188DF0D6}.Release|x86.Deploy.0 = Release|Any CPU
		{539D8A87-93DC-4B32-902E-D49271589A30}.Ad-Hoc|Any CPU.ActiveCfg = Ad-Hoc|iPhone
		{539D8A87-93DC-4B32-902E-D49271589A30}.Ad-Hoc|ARM.ActiveCfg = Ad-Hoc|iPhone
		{539D8A87-93DC-4B32-902E-D49271589A30}.Ad-Hoc|iPhone.ActiveCfg = Ad-Hoc|iPhone
		{539D8A87-93DC-4B32-902E-D49271589A30}.Ad-Hoc|iPhone.Build.0 = Ad-Hoc|iPhone
		{539D8A87-93DC-4B32-902E-D49271589A30}.Ad-Hoc|iPhoneSimulator.ActiveCfg = Ad-Hoc|iPhoneSimulator
		{539D8A87-93DC-4B32-902E-D49271589A30}.Ad-Hoc|iPhoneSimulator.Build.0 = Ad-Hoc|iPhoneSimulator
		{539D8A87-93DC-4B32-902E-D49271589A30}.Ad-Hoc|x64.ActiveCfg = Ad-Hoc|iPhone
		{539D8A87-93DC-4B32-902E-D49271589A30}.Ad-Hoc|x86.ActiveCfg = Ad-Hoc|iPhone
		{539D8A87-93DC-4B32-902E-D49271589A30}.AppStore|Any CPU.ActiveCfg = AppStore|iPhone
		{539D8A87-93DC-4B32-902E-D49271589A30}.AppStore|ARM.ActiveCfg = AppStore|iPhone
		{539D8A87-93DC-4B32-902E-D49271589A30}.AppStore|iPhone.ActiveCfg = AppStore|iPhone
		{539D8A87-93DC-4B32-902E-D49271589A30}.AppStore|iPhone.Build.0 = AppStore|iPhone
		{539D8A87-93DC-4B32-902E-D49271589A30}.AppStore|iPhoneSimulator.ActiveCfg = AppStore|iPhoneSimulator
		{539D8A87-93DC-4B32-902E-D49271589A30}.AppStore|iPhoneSimulator.Build.0 = AppStore|iPhoneSimulator
		{539D8A87-93DC-4B32-902E-D49271589A30}.AppStore|x64.ActiveCfg = AppStore|iPhone
		{539D8A87-93DC-4B32-902E-D49271589A30}.AppStore|x86.ActiveCfg = AppStore|iPhone
		{539D8A87-93DC-4B32-902E-D49271589A30}.Debug|Any CPU.ActiveCfg = Debug|iPhone
		{539D8A87-93DC-4B32-902E-D49271589A30}.Debug|ARM.ActiveCfg = Debug|iPhone
		{539D8A87-93DC-4B32-902E-D49271589A30}.Debug|iPhone.ActiveCfg = Debug|iPhone
		{539D8A87-93DC-4B32-902E-D49271589A30}.Debug|iPhone.Build.0 = Debug|iPhone
		{539D8A87-93DC-4B32-902E-D49271589A30}.Debug|iPhoneSimulator.ActiveCfg = Debug|iPhoneSimulator
		{539D8A87-93DC-4B32-902E-D49271589A30}.Debug|iPhoneSimulator.Build.0 = Debug|iPhoneSimulator
		{539D8A87-93DC-4B32-902E-D49271589A30}.Debug|x64.ActiveCfg = Debug|iPhone
		{539D8A87-93DC-4B32-902E-D49271589A30}.Debug|x86.ActiveCfg = Debug|iPhone
		{539D8A87-93DC-4B32-902E-D49271589A30}.Release|Any CPU.ActiveCfg = Release|iPhone
		{539D8A87-93DC-4B32-902E-D49271589A30}.Release|ARM.ActiveCfg = Release|iPhone
		{539D8A87-93DC-4B32-902E-D49271589A30}.Release|iPhone.ActiveCfg = Release|iPhone
		{539D8A87-93DC-4B32-902E-D49271589A30}.Release|iPhone.Build.0 = Release|iPhone
		{539D8A87-93DC-4B32-902E-D49271589A30}.Release|iPhoneSimulator.ActiveCfg = Release|iPhoneSimulator
		{539D8A87-93DC-4B32-902E-D49271589A30}.Release|iPhoneSimulator.Build.0 = Release|iPhoneSimulator
		{539D8A87-93DC-4B32-902E-D49271589A30}.Release|x64.ActiveCfg = Release|iPhone
		{539D8A87-93DC-4B32-902E-D49271589A30}.Release|x86.ActiveCfg = Release|iPhone
		{94B61BCF-C3AA-4040-976B-A4139D7B63ED}.Ad-Hoc|Any CPU.ActiveCfg = Release|x86
		{94B61BCF-C3AA-4040-976B-A4139D7B63ED}.Ad-Hoc|Any CPU.Build.0 = Release|x86
		{94B61BCF-C3AA-4040-976B-A4139D7B63ED}.Ad-Hoc|Any CPU.Deploy.0 = Release|x86
		{94B61BCF-C3AA-4040-976B-A4139D7B63ED}.Ad-Hoc|ARM.ActiveCfg = Release|ARM
		{94B61BCF-C3AA-4040-976B-A4139D7B63ED}.Ad-Hoc|ARM.Build.0 = Release|ARM
		{94B61BCF-C3AA-4040-976B-A4139D7B63ED}.Ad-Hoc|ARM.Deploy.0 = Release|ARM
		{94B61BCF-C3AA-4040-976B-A4139D7B63ED}.Ad-Hoc|iPhone.ActiveCfg = Release|x86
		{94B61BCF-C3AA-4040-976B-A4139D7B63ED}.Ad-Hoc|iPhone.Build.0 = Release|x86
		{94B61BCF-C3AA-4040-976B-A4139D7B63ED}.Ad-Hoc|iPhone.Deploy.0 = Release|x86
		{94B61BCF-C3AA-4040-976B-A4139D7B63ED}.Ad-Hoc|iPhoneSimulator.ActiveCfg = Release|x86
		{94B61BCF-C3AA-4040-976B-A4139D7B63ED}.Ad-Hoc|iPhoneSimulator.Build.0 = Release|x86
		{94B61BCF-C3AA-4040-976B-A4139D7B63ED}.Ad-Hoc|iPhoneSimulator.Deploy.0 = Release|x86
		{94B61BCF-C3AA-4040-976B-A4139D7B63ED}.Ad-Hoc|x64.ActiveCfg = Release|x64
		{94B61BCF-C3AA-4040-976B-A4139D7B63ED}.Ad-Hoc|x64.Build.0 = Release|x64
		{94B61BCF-C3AA-4040-976B-A4139D7B63ED}.Ad-Hoc|x64.Deploy.0 = Release|x64
		{94B61BCF-C3AA-4040-976B-A4139D7B63ED}.Ad-Hoc|x86.ActiveCfg = Release|x86
		{94B61BCF-C3AA-4040-976B-A4139D7B63ED}.Ad-Hoc|x86.Build.0 = Release|x86
		{94B61BCF-C3AA-4040-976B-A4139D7B63ED}.Ad-Hoc|x86.Deploy.0 = Release|x86
		{94B61BCF-C3AA-4040-976B-A4139D7B63ED}.AppStore|Any CPU.ActiveCfg = Release|x86
		{94B61BCF-C3AA-4040-976B-A4139D7B63ED}.AppStore|Any CPU.Build.0 = Release|x86
		{94B61BCF-C3AA-4040-976B-A4139D7B63ED}.AppStore|Any CPU.Deploy.0 = Release|x86
		{94B61BCF-C3AA-4040-976B-A4139D7B63ED}.AppStore|ARM.ActiveCfg = Release|ARM
		{94B61BCF-C3AA-4040-976B-A4139D7B63ED}.AppStore|ARM.Build.0 = Release|ARM
		{94B61BCF-C3AA-4040-976B-A4139D7B63ED}.AppStore|ARM.Deploy.0 = Release|ARM
		{94B61BCF-C3AA-4040-976B-A4139D7B63ED}.AppStore|iPhone.ActiveCfg = Release|x86
		{94B61BCF-C3AA-4040-976B-A4139D7B63ED}.AppStore|iPhone.Build.0 = Release|x86
		{94B61BCF-C3AA-4040-976B-A4139D7B63ED}.AppStore|iPhone.Deploy.0 = Release|x86
		{94B61BCF-C3AA-4040-976B-A4139D7B63ED}.AppStore|iPhoneSimulator.ActiveCfg = Release|x86
		{94B61BCF-C3AA-4040-976B-A4139D7B63ED}.AppStore|iPhoneSimulator.Build.0 = Release|x86
		{94B61BCF-C3AA-4040-976B-A4139D7B63ED}.AppStore|iPhoneSimulator.Deploy.0 = Release|x86
		{94B61BCF-C3AA-4040-976B-A4139D7B63ED}.AppStore|x64.ActiveCfg = Release|x64
		{94B61BCF-C3AA-4040-976B-A4139D7B63ED}.AppStore|x64.Build.0 = Release|x64
		{94B61BCF-C3AA-4040-976B-A4139D7B63ED}.AppStore|x64.Deploy.0 = Release|x64
		{94B61BCF-C3AA-4040-976B-A4139D7B63ED}.AppStore|x86.ActiveCfg = Release|x86
		{94B61BCF-C3AA-4040-976B-A4139D7B63ED}.AppStore|x86.Build.0 = Release|x86
		{94B61BCF-C3AA-4040-976B-A4139D7B63ED}.AppStore|x86.Deploy.0 = Release|x86
		{94B61BCF-C3AA-4040-976B-A4139D7B63ED}.Debug|Any CPU.ActiveCfg = Debug|x86
		{94B61BCF-C3AA-4040-976B-A4139D7B63ED}.Debug|ARM.ActiveCfg = Debug|ARM
		{94B61BCF-C3AA-4040-976B-A4139D7B63ED}.Debug|ARM.Build.0 = Debug|ARM
		{94B61BCF-C3AA-4040-976B-A4139D7B63ED}.Debug|ARM.Deploy.0 = Debug|ARM
		{94B61BCF-C3AA-4040-976B-A4139D7B63ED}.Debug|iPhone.ActiveCfg = Debug|x86
		{94B61BCF-C3AA-4040-976B-A4139D7B63ED}.Debug|iPhoneSimulator.ActiveCfg = Debug|x86
		{94B61BCF-C3AA-4040-976B-A4139D7B63ED}.Debug|x64.ActiveCfg = Debug|x64
		{94B61BCF-C3AA-4040-976B-A4139D7B63ED}.Debug|x64.Build.0 = Debug|x64
		{94B61BCF-C3AA-4040-976B-A4139D7B63ED}.Debug|x64.Deploy.0 = Debug|x64
		{94B61BCF-C3AA-4040-976B-A4139D7B63ED}.Debug|x86.ActiveCfg = Debug|x86
		{94B61BCF-C3AA-4040-976B-A4139D7B63ED}.Debug|x86.Build.0 = Debug|x86
		{94B61BCF-C3AA-4040-976B-A4139D7B63ED}.Debug|x86.Deploy.0 = Debug|x86
		{94B61BCF-C3AA-4040-976B-A4139D7B63ED}.Release|Any CPU.ActiveCfg = Release|x86
		{94B61BCF-C3AA-4040-976B-A4139D7B63ED}.Release|ARM.ActiveCfg = Release|ARM
		{94B61BCF-C3AA-4040-976B-A4139D7B63ED}.Release|ARM.Build.0 = Release|ARM
		{94B61BCF-C3AA-4040-976B-A4139D7B63ED}.Release|ARM.Deploy.0 = Release|ARM
		{94B61BCF-C3AA-4040-976B-A4139D7B63ED}.Release|iPhone.ActiveCfg = Release|x86
		{94B61BCF-C3AA-4040-976B-A4139D7B63ED}.Release|iPhoneSimulator.ActiveCfg = Release|x86
		{94B61BCF-C3AA-4040-976B-A4139D7B63ED}.Release|x64.ActiveCfg = Release|x64
		{94B61BCF-C3AA-4040-976B-A4139D7B63ED}.Release|x64.Build.0 = Release|x64
		{94B61BCF-C3AA-4040-976B-A4139D7B63ED}.Release|x64.Deploy.0 = Release|x64
		{94B61BCF-C3AA-4040-976B-A4139D7B63ED}.Release|x86.ActiveCfg = Release|x86
		{94B61BCF-C3AA-4040-976B-A4139D7B63ED}.Release|x86.Build.0 = Release|x86
		{94B61BCF-C3AA-4040-976B-A4139D7B63ED}.Release|x86.Deploy.0 = Release|x86
		{E20B9FA0-D846-47A9-9ECE-FF6D426104BF}.Ad-Hoc|Any CPU.ActiveCfg = Release|Any CPU
		{E20B9FA0-D846-47A9-9ECE-FF6D426104BF}.Ad-Hoc|Any CPU.Build.0 = Release|Any CPU
		{E20B9FA0-D846-47A9-9ECE-FF6D426104BF}.Ad-Hoc|ARM.ActiveCfg = Release|Any CPU
		{E20B9FA0-D846-47A9-9ECE-FF6D426104BF}.Ad-Hoc|ARM.Build.0 = Release|Any CPU
		{E20B9FA0-D846-47A9-9ECE-FF6D426104BF}.Ad-Hoc|iPhone.ActiveCfg = Release|Any CPU
		{E20B9FA0-D846-47A9-9ECE-FF6D426104BF}.Ad-Hoc|iPhone.Build.0 = Release|Any CPU
		{E20B9FA0-D846-47A9-9ECE-FF6D426104BF}.Ad-Hoc|iPhoneSimulator.ActiveCfg = Release|Any CPU
		{E20B9FA0-D846-47A9-9ECE-FF6D426104BF}.Ad-Hoc|iPhoneSimulator.Build.0 = Release|Any CPU
		{E20B9FA0-D846-47A9-9ECE-FF6D426104BF}.Ad-Hoc|x64.ActiveCfg = Release|Any CPU
		{E20B9FA0-D846-47A9-9ECE-FF6D426104BF}.Ad-Hoc|x64.Build.0 = Release|Any CPU
		{E20B9FA0-D846-47A9-9ECE-FF6D426104BF}.Ad-Hoc|x86.ActiveCfg = Release|Any CPU
		{E20B9FA0-D846-47A9-9ECE-FF6D426104BF}.Ad-Hoc|x86.Build.0 = Release|Any CPU
		{E20B9FA0-D846-47A9-9ECE-FF6D426104BF}.AppStore|Any CPU.ActiveCfg = Release|Any CPU
		{E20B9FA0-D846-47A9-9ECE-FF6D426104BF}.AppStore|Any CPU.Build.0 = Release|Any CPU
		{E20B9FA0-D846-47A9-9ECE-FF6D426104BF}.AppStore|ARM.ActiveCfg = Release|Any CPU
		{E20B9FA0-D846-47A9-9ECE-FF6D426104BF}.AppStore|ARM.Build.0 = Release|Any CPU
		{E20B9FA0-D846-47A9-9ECE-FF6D426104BF}.AppStore|iPhone.ActiveCfg = Release|Any CPU
		{E20B9FA0-D846-47A9-9ECE-FF6D426104BF}.AppStore|iPhone.Build.0 = Release|Any CPU
		{E20B9FA0-D846-47A9-9ECE-FF6D426104BF}.AppStore|iPhoneSimulator.ActiveCfg = Release|Any CPU
		{E20B9FA0-D846-47A9-9ECE-FF6D426104BF}.AppStore|iPhoneSimulator.Build.0 = Release|Any CPU
		{E20B9FA0-D846-47A9-9ECE-FF6D426104BF}.AppStore|x64.ActiveCfg = Release|Any CPU
		{E20B9FA0-D846-47A9-9ECE-FF6D426104BF}.AppStore|x64.Build.0 = Release|Any CPU
		{E20B9FA0-D846-47A9-9ECE-FF6D426104BF}.AppStore|x86.ActiveCfg = Release|Any CPU
		{E20B9FA0-D846-47A9-9ECE-FF6D426104BF}.AppStore|x86.Build.0 = Release|Any CPU
		{E20B9FA0-D846-47A9-9ECE-FF6D426104BF}.Debug|Any CPU.ActiveCfg = Debug|Any CPU
		{E20B9FA0-D846-47A9-9ECE-FF6D426104BF}.Debug|Any CPU.Build.0 = Debug|Any CPU
		{E20B9FA0-D846-47A9-9ECE-FF6D426104BF}.Debug|ARM.ActiveCfg = Debug|Any CPU
		{E20B9FA0-D846-47A9-9ECE-FF6D426104BF}.Debug|ARM.Build.0 = Debug|Any CPU
		{E20B9FA0-D846-47A9-9ECE-FF6D426104BF}.Debug|iPhone.ActiveCfg = Debug|Any CPU
		{E20B9FA0-D846-47A9-9ECE-FF6D426104BF}.Debug|iPhone.Build.0 = Debug|Any CPU
		{E20B9FA0-D846-47A9-9ECE-FF6D426104BF}.Debug|iPhoneSimulator.ActiveCfg = Debug|Any CPU
		{E20B9FA0-D846-47A9-9ECE-FF6D426104BF}.Debug|iPhoneSimulator.Build.0 = Debug|Any CPU
		{E20B9FA0-D846-47A9-9ECE-FF6D426104BF}.Debug|x64.ActiveCfg = Debug|Any CPU
		{E20B9FA0-D846-47A9-9ECE-FF6D426104BF}.Debug|x64.Build.0 = Debug|Any CPU
		{E20B9FA0-D846-47A9-9ECE-FF6D426104BF}.Debug|x86.ActiveCfg = Debug|Any CPU
		{E20B9FA0-D846-47A9-9ECE-FF6D426104BF}.Debug|x86.Build.0 = Debug|Any CPU
		{E20B9FA0-D846-47A9-9ECE-FF6D426104BF}.Release|Any CPU.ActiveCfg = Release|Any CPU
		{E20B9FA0-D846-47A9-9ECE-FF6D426104BF}.Release|Any CPU.Build.0 = Release|Any CPU
		{E20B9FA0-D846-47A9-9ECE-FF6D426104BF}.Release|ARM.ActiveCfg = Release|Any CPU
		{E20B9FA0-D846-47A9-9ECE-FF6D426104BF}.Release|ARM.Build.0 = Release|Any CPU
		{E20B9FA0-D846-47A9-9ECE-FF6D426104BF}.Release|iPhone.ActiveCfg = Release|Any CPU
		{E20B9FA0-D846-47A9-9ECE-FF6D426104BF}.Release|iPhone.Build.0 = Release|Any CPU
		{E20B9FA0-D846-47A9-9ECE-FF6D426104BF}.Release|iPhoneSimulator.ActiveCfg = Release|Any CPU
		{E20B9FA0-D846-47A9-9ECE-FF6D426104BF}.Release|iPhoneSimulator.Build.0 = Release|Any CPU
		{E20B9FA0-D846-47A9-9ECE-FF6D426104BF}.Release|x64.ActiveCfg = Release|Any CPU
		{E20B9FA0-D846-47A9-9ECE-FF6D426104BF}.Release|x64.Build.0 = Release|Any CPU
		{E20B9FA0-D846-47A9-9ECE-FF6D426104BF}.Release|x86.ActiveCfg = Release|Any CPU
		{E20B9FA0-D846-47A9-9ECE-FF6D426104BF}.Release|x86.Build.0 = Release|Any CPU
	EndGlobalSection
	GlobalSection(SolutionProperties) = preSolution
		HideSolutionNode = FALSE
	EndGlobalSection
	GlobalSection(NestedProjects) = preSolution
		{D570542F-CCD7-40FB-B54B-6C1C188DF0D6} = {7D9236BA-96AB-491B-9234-42757EA56EBE}
		{539D8A87-93DC-4B32-902E-D49271589A30} = {7D9236BA-96AB-491B-9234-42757EA56EBE}
		{94B61BCF-C3AA-4040-976B-A4139D7B63ED} = {7D9236BA-96AB-491B-9234-42757EA56EBE}
		{E20B9FA0-D846-47A9-9ECE-FF6D426104BF} = {7D9236BA-96AB-491B-9234-42757EA56EBE}
	EndGlobalSection
	GlobalSection(ExtensibilityGlobals) = postSolution
		SolutionGuid = {BAA426D4-10AF-43CB-A694-973E6094A8D3}
	EndGlobalSection
EndGlobal
